
Microsoft Visual Studio Solution File, Format Version 12.00
# Visual Studio Version 16
VisualStudioVersion = 16.0.30320.27
MinimumVisualStudioVersion = 10.0.40219.1
Project("{FAE04EC0-301F-11D3-BF4B-00C04F79EFBC}") = "SalesWebMvc", "SalesWebMvc\SalesWebMvc.csproj", "{DE8EB134-A247-497C-8768-B03E66FF061E}"
EndProject
Global
	GlobalSection(SolutionConfigurationPlatforms) = preSolution
		Debug|Any CPU = Debug|Any CPU
		Release|Any CPU = Release|Any CPU
	EndGlobalSection
	GlobalSection(ProjectConfigurationPlatforms) = postSolution
		{DE8EB134-A247-497C-8768-B03E66FF061E}.Debug|Any CPU.ActiveCfg = Debug|Any CPU
		{DE8EB134-A247-497C-8768-B03E66FF061E}.Debug|Any CPU.Build.0 = Debug|Any CPU
		{DE8EB134-A247-497C-8768-B03E66FF061E}.Release|Any CPU.ActiveCfg = Release|Any CPU
		{DE8EB134-A247-497C-8768-B03E66FF061E}.Release|Any CPU.Build.0 = Release|Any CPU
	EndGlobalSection
	GlobalSection(SolutionProperties) = preSolution
		HideSolutionNode = FALSE
	EndGlobalSection
	GlobalSection(ExtensibilityGlobals) = postSolution
		SolutionGuid = {C31D12EB-0D42-4640-A1C3-E7D07957C5BE}
	EndGlobalSection
EndGlobal
